
Microsoft Visual Studio Solution File, Format Version 12.00
# Visual Studio Version 17
VisualStudioVersion = 17.5.33627.172
MinimumVisualStudioVersion = 10.0.40219.1
Project("{9A19103F-16F7-4668-BE54-9A1E7A4F7556}") = "CQRS-CleanArchitecture", "CQRS-CleanArchitecture.csproj", "{958F8CC1-1325-464F-805E-99A8A987E9AF}"
EndProject
Project("{9A19103F-16F7-4668-BE54-9A1E7A4F7556}") = "Application", "..\Application\Application.csproj", "{11A7484C-BDB2-4031-BBAC-B091040805FB}"
EndProject
Project("{9A19103F-16F7-4668-BE54-9A1E7A4F7556}") = "Domain", "..\Domain\Domain.csproj", "{2042C809-B2E7-4EDB-9775-5211C79A7E2E}"
EndProject
Project("{9A19103F-16F7-4668-BE54-9A1E7A4F7556}") = "Infrastructure", "..\Infrastructure\Infrastructure.csproj", "{32625C20-F355-4C1A-8606-09700C37F9C0}"
EndProject
Project("{9A19103F-16F7-4668-BE54-9A1E7A4F7556}") = "Persistence", "..\Persistence\Persistence.csproj", "{0AE73702-E4C2-44BC-AABC-1E161D6FBE10}"
EndProject
Project("{9A19103F-16F7-4668-BE54-9A1E7A4F7556}") = "Presentation", "..\Presentation\Presentation.csproj", "{5B67BB46-C428-4001-9252-1AE589C7AC43}"
EndProject
Global
	GlobalSection(SolutionConfigurationPlatforms) = preSolution
		Debug|Any CPU = Debug|Any CPU
		Release|Any CPU = Release|Any CPU
	EndGlobalSection
	GlobalSection(ProjectConfigurationPlatforms) = postSolution
		{958F8CC1-1325-464F-805E-99A8A987E9AF}.Debug|Any CPU.ActiveCfg = Debug|Any CPU
		{958F8CC1-1325-464F-805E-99A8A987E9AF}.Debug|Any CPU.Build.0 = Debug|Any CPU
		{958F8CC1-1325-464F-805E-99A8A987E9AF}.Release|Any CPU.ActiveCfg = Release|Any CPU
		{958F8CC1-1325-464F-805E-99A8A987E9AF}.Release|Any CPU.Build.0 = Release|Any CPU
		{11A7484C-BDB2-4031-BBAC-B091040805FB}.Debug|Any CPU.ActiveCfg = Debug|Any CPU
		{11A7484C-BDB2-4031-BBAC-B091040805FB}.Debug|Any CPU.Build.0 = Debug|Any CPU
		{11A7484C-BDB2-4031-BBAC-B091040805FB}.Release|Any CPU.ActiveCfg = Release|Any CPU
		{11A7484C-BDB2-4031-BBAC-B091040805FB}.Release|Any CPU.Build.0 = Release|Any CPU
		{2042C809-B2E7-4EDB-9775-5211C79A7E2E}.Debug|Any CPU.ActiveCfg = Debug|Any CPU
		{2042C809-B2E7-4EDB-9775-5211C79A7E2E}.Debug|Any CPU.Build.0 = Debug|Any CPU
		{2042C809-B2E7-4EDB-9775-5211C79A7E2E}.Release|Any CPU.ActiveCfg = Release|Any CPU
		{2042C809-B2E7-4EDB-9775-5211C79A7E2E}.Release|Any CPU.Build.0 = Release|Any CPU
		{32625C20-F355-4C1A-8606-09700C37F9C0}.Debug|Any CPU.ActiveCfg = Debug|Any CPU
		{32625C20-F355-4C1A-8606-09700C37F9C0}.Debug|Any CPU.Build.0 = Debug|Any CPU
		{32625C20-F355-4C1A-8606-09700C37F9C0}.Release|Any CPU.ActiveCfg = Release|Any CPU
		{32625C20-F355-4C1A-8606-09700C37F9C0}.Release|Any CPU.Build.0 = Release|Any CPU
		{0AE73702-E4C2-44BC-AABC-1E161D6FBE10}.Debug|Any CPU.ActiveCfg = Debug|Any CPU
		{0AE73702-E4C2-44BC-AABC-1E161D6FBE10}.Debug|Any CPU.Build.0 = Debug|Any CPU
		{0AE73702-E4C2-44BC-AABC-1E161D6FBE10}.Release|Any CPU.ActiveCfg = Release|Any CPU
		{0AE73702-E4C2-44BC-AABC-1E161D6FBE10}.Release|Any CPU.Build.0 = Release|Any CPU
		{5B67BB46-C428-4001-9252-1AE589C7AC43}.Debug|Any CPU.ActiveCfg = Debug|Any CPU
		{5B67BB46-C428-4001-9252-1AE589C7AC43}.Debug|Any CPU.Build.0 = Debug|Any CPU
		{5B67BB46-C428-4001-9252-1AE589C7AC43}.Release|Any CPU.ActiveCfg = Release|Any CPU
		{5B67BB46-C428-4001-9252-1AE589C7AC43}.Release|Any CPU.Build.0 = Release|Any CPU
	EndGlobalSection
	GlobalSection(SolutionProperties) = preSolution
		HideSolutionNode = FALSE
	EndGlobalSection
	GlobalSection(ExtensibilityGlobals) = postSolution
		SolutionGuid = {AA05C397-2587-4968-B52D-F511CF153786}
	EndGlobalSection
EndGlobal
